{
  "name": "kaoyan-chat",
  "version": "0.1.0",
  "lockfileVersion": 3,
  "requires": true,
  "packages": {
    "": {
      "name": "kaoyan-chat",
      "version": "0.1.0",
      "dependencies": {
        "marked": "^18.0.5",
        "mathjax": "^4.1.2",
        "nodemailer": "^8.0.10"
      },
      "devDependencies": {
        "playwright": "^1.60.0"
      },
      "engines": {
        "node": ">=22"
      }
    },
    "node_modules/@mathjax/mathjax-newcm-font": {
      "version": "4.1.2",
      "resolved": "https://registry.npmjs.org/@mathjax/mathjax-newcm-font/-/mathjax-newcm-font-4.1.2.tgz",
      "integrity": "sha512-lZHMjNP2XbABHA3kVn40rbse5ERUeMEmrGH03qLkCwxq4/5Z/eNLr0akw1MmQcqTwCbvkx1BFcmJ7RCfbRlw3Q==",
      "license": "Apache-2.0"
    },
    "node_modules/fsevents": {
      "version": "2.3.2",
      "resolved": "https://registry.npmjs.org/fsevents/-/fsevents-2.3.2.tgz",
      "integrity": "sha512-xiqMQR4xAeHTuB9uWm+fFRcIOgKBMiOBP+eXiyT7jsgVCq1bkVygt00oASowB7EdtpOHaaPgKt812P9ab+DDKA==",
      "dev": true,
      "hasInstallScript": true,
      "license": "MIT",
      "optional": true,
      "os": [
        "darwin"
      ],
      "engines": {
        "node": "^8.16.0 || ^10.6.0 || >=11.0.0"
      }
    },
    "node_modules/marked": {
      "version": "18.0.5",
      "resolved": "https://registry.npmjs.org/marked/-/marked-18.0.5.tgz",
      "integrity": "sha512-S6GcvALHg6K4ohtu4E7x0a1AqhAjp6cV8KhLSyN9qVapnzJkusVBxZRcIU9AeYsbe6P1hKDusSbEOzGyyuce6w==",
      "license": "MIT",
      "bin": {
        "marked": "bin/marked.js"
      },
      "engines": {
        "node": ">= 20"
      }
    },
    "node_modules/mathjax": {
      "version": "4.1.2",
      "resolved": "https://registry.npmjs.org/mathjax/-/mathjax-4.1.2.tgz",
      "integrity": "sha512-EQDS8xBpVg179BXoLeZ9JlwUFftOC5qylw20UlAMDhrTuooENigOocY79aNkkFSyvj/AST/89ZAo12+r5bPI4w==",
      "license": "Apache-2.0",
      "dependencies": {
        "@mathjax/mathjax-newcm-font": "^4.1.2"
      }
    },
    "node_modules/nodemailer": {
      "version": "8.0.10",
      "resolved": "https://registry.npmjs.org/nodemailer/-/nodemailer-8.0.10.tgz",
      "integrity": "sha512-BLFuSth7QtHOkBzyqTehWWyub0NTRDuK2Q2SQfnGLsrJnzyU+Yeh4WpV1eZGuARFj1xQJHIdnTuJZLP+b9R1GQ==",
      "license": "MIT-0",
      "engines": {
        "node": ">=6.0.0"
      }
    },
    "node_modules/playwright": {
      "version": "1.60.0",
      "resolved": "https://registry.npmjs.org/playwright/-/playwright-1.60.0.tgz",
      "integrity": "sha512-hheHdokM8cdqCb0lcE3s+zT4t4W+vvjpGxsZlDnikarzx8tSzMebh3UiFtgqwFwnTnjYQcsyMF8ei2mCO/tpeA==",
      "dev": true,
      "license": "Apache-2.0",
      "dependencies": {
        "playwright-core": "1.60.0"
      },
      "bin": {
        "playwright": "cli.js"
      },
      "engines": {
        "node": ">=18"
      },
      "optionalDependencies": {
        "fsevents": "2.3.2"
      }
    },
    "node_modules/playwright-core": {
      "version": "1.60.0",
      "resolved": "https://registry.npmjs.org/playwright-core/-/playwright-core-1.60.0.tgz",
      "integrity": "sha512-9bW6zvX/m0lEbgTKJ6YppOKx8H3VOPBMOCFh2irXFOT4BbHgrx5hPjwJYLT40Lu+4qtD36qKc/Hn56StUW57IA==",
      "dev": true,
      "license": "Apache-2.0",
      "bin": {
        "playwright-core": "cli.js"
      },
      "engines": {
        "node": ">=18"
      }
    }
  }
}
